lockfileVersion: '9.0'

settings:
  autoInstallPeers: true
  excludeLinksFromLockfile: false

importers:

  .:
    devDependencies:
      rolldown:
        specifier: canary
        version: 1.0.0-beta.8-commit.2a5c6a6

packages:

  '@emnapi/core@1.4.3':
    resolution: {integrity: sha512-4m62DuCE07lw01soJwPiBGC0nAww0Q+RY70VZ+n49yDIO13yyinhbWCeNnaob0lakDtWQzSdtNWzJeOJt2ma+g==}

  '@emnapi/runtime@1.4.3':
    resolution: {integrity: sha512-pBPWdu6MLKROBX05wSNKcNb++m5Er+KQ9QkB+WVM+pW2Kx9hoSrVTnu3BdkI5eBLZoKu/J6mW/B6i6bJB2ytXQ==}

  '@emnapi/wasi-threads@1.0.2':
    resolution: {integrity: sha512-5n3nTJblwRi8LlXkJ9eBzu+kZR8Yxcc7ubakyQTFzPMtIhFpUBRbsnc2Dv88IZDIbCDlBiWrknhB4Lsz7mg6BA==}

  '@napi-rs/wasm-runtime@0.2.9':
    resolution: {integrity: sha512-OKRBiajrrxB9ATokgEQoG87Z25c67pCpYcCwmXYX8PBftC9pBfN18gnm/fh1wurSLEKIAt+QRFLFCQISrb66Jg==}

  '@oxc-project/types@0.69.0':
    resolution: {integrity: sha512-bu3gzdAlLgncoaqyqWVpMAKx4axo+j3ewvvdAt5iCLtvHB/n3Qeif67NU+2TM/ami1nV5/KVO9lxCH8paPATBA==}

  '@rolldown/binding-darwin-arm64@1.0.0-beta.8-commit.2a5c6a6':
    resolution: {integrity: sha512-/spXLHL3pRnRueeNbfpnUSzN8jB4B+leIsDsGN0qLiPpKsC4ddknW6ObQ7ZO0zyynGJZy+spXW+Ri9Xaen6+RQ==}
    cpu: [arm64]
    os: [darwin]

  '@rolldown/binding-darwin-x64@1.0.0-beta.8-commit.2a5c6a6':
    resolution: {integrity: sha512-p5AwLDnE5lkCQC7V5EqbskCkT+xba8XaZroINk/UsJ6hlD1ZimnZwlJPDEeGDAzawuEdAbWmvPIaW2RpjXNzXg==}
    cpu: [x64]
    os: [darwin]

  '@rolldown/binding-freebsd-x64@1.0.0-beta.8-commit.2a5c6a6':
    resolution: {integrity: sha512-SfX9uf1UOpDviKA6m3/gcZ8Rn4mKlIiEK28BCL/nFqmfPQ/kK06ISuy07/FpNoNNgYtjpauAGo6ElXw13NIcpw==}
    cpu: [x64]
    os: [freebsd]

  '@rolldown/binding-linux-arm-gnueabihf@1.0.0-beta.8-commit.2a5c6a6':
    resolution: {integrity: sha512-pc5M8Dl0+btKIFwTw19nKBzqgPVbbYVwVBN/hkdwSE2w6D7WjYQJ+2wT31bgIzSIOLar3nLu8vS4o5j4HqSOiA==}
    cpu: [arm]
    os: [linux]

  '@rolldown/binding-linux-arm64-gnu@1.0.0-beta.8-commit.2a5c6a6':
    resolution: {integrity: sha512-t8KwgD5hjyXYZVavfL9DEhqC/nCoyOCJzRZ16iIfadxKn3aSjG9yE0A4/Msz9mGvEmnZ/SOs67hUtbDOo8qGVA==}
    cpu: [arm64]
    os: [linux]

  '@rolldown/binding-linux-arm64-musl@1.0.0-beta.8-commit.2a5c6a6':
    resolution: {integrity: sha512-lp0HtDGoR+AIuJH+5M2HmdRhE1x0q8NkdxCs2HlzrUCbFvzwQSAnL/NKevme7VZOP321q0yJ5z9uFL5zfsSbJA==}
    cpu: [arm64]
    os: [linux]

  '@rolldown/binding-linux-x64-gnu@1.0.0-beta.8-commit.2a5c6a6':
    resolution: {integrity: sha512-6O7BdO7bUFQ170MZmNWIpFZpxRqIV1Cp3MfK61tp1VVOwxKo2aboTusuunGMvc59r+JOXqOQFie/ojkecUSvoA==}
    cpu: [x64]
    os: [linux]

  '@rolldown/binding-linux-x64-musl@1.0.0-beta.8-commit.2a5c6a6':
    resolution: {integrity: sha512-KKsXIEUcgV8uv0GNr2KA4oMtG1F8mHUKhyNZriDzfc6D1vXU2uxqV+h+qKwD+7b86Ly041Ks8X+VFjxrdC1q9w==}
    cpu: [x64]
    os: [linux]

  '@rolldown/binding-wasm32-wasi@1.0.0-beta.8-commit.2a5c6a6':
    resolution: {integrity: sha512-eytL/KFiAU10dr56E9jTuwVYg5+UxakZZEIp+TJyE9/LIYtiy6QYw1LxO2zbbX+8YVFwKw4gOk0Cf1ejJ+BQBQ==}
    engines: {node: '>=14.21.3'}
    cpu: [wasm32]

  '@rolldown/binding-win32-arm64-msvc@1.0.0-beta.8-commit.2a5c6a6':
    resolution: {integrity: sha512-0qSs4OmSQ+GANzXD7HuYL2+Ce7qtotmy4Pqhlo5wIEat50vRUK2/pKbRe/5/EAnF9Acr4qxnMrKATUilN+wAEQ==}
    cpu: [arm64]
    os: [win32]

  '@rolldown/binding-win32-ia32-msvc@1.0.0-beta.8-commit.2a5c6a6':
    resolution: {integrity: sha512-YYk5Pyjl3Ek3e6NAKIRMF/uFqh+1GjOo/WM9awFxrBstv4p1ZVFqQ1TqbpZrOnjKkLg7YArARF67N1o67JwI1g==}
    cpu: [ia32]
    os: [win32]

  '@rolldown/binding-win32-x64-msvc@1.0.0-beta.8-commit.2a5c6a6':
    resolution: {integrity: sha512-livj2HgGfV7/54LmwnYQAujR2Ry6DX8q7QxS+d+RtzXyhjvs3QcCgwitIPya88JKdwfN/uP0047O8hIIMgzQlA==}
    cpu: [x64]
    os: [win32]

  '@rolldown/pluginutils@1.0.0-beta.8-commit.2a5c6a6':
    resolution: {integrity: sha512-00vGY8ox2diQ6ZOw9lllyV3e7KrtaczhOz2hsHkOoVIBWyMFGcJD6CpFN10nTLkaaSSqerQjmjxeVwTJH2yhYQ==}

  '@tybys/wasm-util@0.9.0':
    resolution: {integrity: sha512-6+7nlbMVX/PVDCwaIQ8nTOPveOcFLSt8GcXdx8hD0bt39uWxYT88uXzqTd4fTvqta7oeUJqudepapKNt2DYJFw==}

  ansis@4.0.0:
    resolution: {integrity: sha512-P8nrHI1EyW9OfBt1X7hMSwGN2vwRuqHSKJAT1gbLWZRzDa24oHjYwGHvEgHeBepupzk878yS/HBZ0NMPYtbolw==}
    engines: {node: '>=14'}

  rolldown@1.0.0-beta.8-commit.2a5c6a6:
    resolution: {integrity: sha512-zRMtW6eT+Q4bQO4wRKu6TtIuyFMrXh/1rFxsR3FS0eJhKjFsaz50gfKlC41QWbGSq5epvE7bdL0j+kZygCrXQA==}
    hasBin: true
    peerDependencies:
      '@oxc-project/runtime': 0.69.0
    peerDependenciesMeta:
      '@oxc-project/runtime':
        optional: true

  tslib@2.8.1:
    resolution: {integrity: sha512-oJFu94HQb+KVduSUQL7wnpmqnfmLsOA/nAh6b6EH0wCEoK0/mPeXU6c3wKDV83MkOuHPRHtSXKKU99IBazS/2w==}

snapshots:

  '@emnapi/core@1.4.3':
    dependencies:
      '@emnapi/wasi-threads': 1.0.2
      tslib: 2.8.1
    optional: true

  '@emnapi/runtime@1.4.3':
    dependencies:
      tslib: 2.8.1
    optional: true

  '@emnapi/wasi-threads@1.0.2':
    dependencies:
      tslib: 2.8.1
    optional: true

  '@napi-rs/wasm-runtime@0.2.9':
    dependencies:
      '@emnapi/core': 1.4.3
      '@emnapi/runtime': 1.4.3
      '@tybys/wasm-util': 0.9.0
    optional: true

  '@oxc-project/types@0.69.0': {}

  '@rolldown/binding-darwin-arm64@1.0.0-beta.8-commit.2a5c6a6':
    optional: true

  '@rolldown/binding-darwin-x64@1.0.0-beta.8-commit.2a5c6a6':
    optional: true

  '@rolldown/binding-freebsd-x64@1.0.0-beta.8-commit.2a5c6a6':
    optional: true

  '@rolldown/binding-linux-arm-gnueabihf@1.0.0-beta.8-commit.2a5c6a6':
    optional: true

  '@rolldown/binding-linux-arm64-gnu@1.0.0-beta.8-commit.2a5c6a6':
    optional: true

  '@rolldown/binding-linux-arm64-musl@1.0.0-beta.8-commit.2a5c6a6':
    optional: true

  '@rolldown/binding-linux-x64-gnu@1.0.0-beta.8-commit.2a5c6a6':
    optional: true

  '@rolldown/binding-linux-x64-musl@1.0.0-beta.8-commit.2a5c6a6':
    optional: true

  '@rolldown/binding-wasm32-wasi@1.0.0-beta.8-commit.2a5c6a6':
    dependencies:
      '@napi-rs/wasm-runtime': 0.2.9
    optional: true

  '@rolldown/binding-win32-arm64-msvc@1.0.0-beta.8-commit.2a5c6a6':
    optional: true

  '@rolldown/binding-win32-ia32-msvc@1.0.0-beta.8-commit.2a5c6a6':
    optional: true

  '@rolldown/binding-win32-x64-msvc@1.0.0-beta.8-commit.2a5c6a6':
    optional: true

  '@rolldown/pluginutils@1.0.0-beta.8-commit.2a5c6a6': {}

  '@tybys/wasm-util@0.9.0':
    dependencies:
      tslib: 2.8.1
    optional: true

  ansis@4.0.0: {}

  rolldown@1.0.0-beta.8-commit.2a5c6a6:
    dependencies:
      '@oxc-project/types': 0.69.0
      '@rolldown/pluginutils': 1.0.0-beta.8-commit.2a5c6a6
      ansis: 4.0.0
    optionalDependencies:
      '@rolldown/binding-darwin-arm64': 1.0.0-beta.8-commit.2a5c6a6
      '@rolldown/binding-darwin-x64': 1.0.0-beta.8-commit.2a5c6a6
      '@rolldown/binding-freebsd-x64': 1.0.0-beta.8-commit.2a5c6a6
      '@rolldown/binding-linux-arm-gnueabihf': 1.0.0-beta.8-commit.2a5c6a6
      '@rolldown/binding-linux-arm64-gnu': 1.0.0-beta.8-commit.2a5c6a6
      '@rolldown/binding-linux-arm64-musl': 1.0.0-beta.8-commit.2a5c6a6
      '@rolldown/binding-linux-x64-gnu': 1.0.0-beta.8-commit.2a5c6a6
      '@rolldown/binding-linux-x64-musl': 1.0.0-beta.8-commit.2a5c6a6
      '@rolldown/binding-wasm32-wasi': 1.0.0-beta.8-commit.2a5c6a6
      '@rolldown/binding-win32-arm64-msvc': 1.0.0-beta.8-commit.2a5c6a6
      '@rolldown/binding-win32-ia32-msvc': 1.0.0-beta.8-commit.2a5c6a6
      '@rolldown/binding-win32-x64-msvc': 1.0.0-beta.8-commit.2a5c6a6

  tslib@2.8.1:
    optional: true
